
Microsoft Visual Studio Solution File, Format Version 12.00
# Visual Studio 15
VisualStudioVersion = 15.0.28307.757
MinimumVisualStudioVersion = 10.0.40219.1
Project("{FAE04EC0-301F-11D3-BF4B-00C04F79EFBC}") = "AzureBlobSupplyCollector", "AzureBlobSupplyCollector\AzureBlobSupplyCollector.csproj", "{4F1BEDA3-3439-46D7-8F73-699DC4ECF61A}"
EndProject
Project("{9A19103F-16F7-4668-BE54-9A1E7A4F7556}") = "DriveSupplyCollectorBase", "DriveSupplyCollectorBase\DriveSupplyCollectorBase\DriveSupplyCollectorBase.csproj", "{61AE261C-4B2B-426C-A408-B5883A40E1D2}"
EndProject
Project("{FAE04EC0-301F-11D3-BF4B-00C04F79EFBC}") = "AzureBlobSupplyCollectorTests", "AzureBlobSupplyCollectorTests\AzureBlobSupplyCollectorTests.csproj", "{E35C5B65-F31C-46E0-B458-9398E4D49B9C}"
EndProject
Global
	GlobalSection(SolutionConfigurationPlatforms) = preSolution
		Debug|Any CPU = Debug|Any CPU
		Release|Any CPU = Release|Any CPU
	EndGlobalSection
	GlobalSection(ProjectConfigurationPlatforms) = postSolution
		{4F1BEDA3-3439-46D7-8F73-699DC4ECF61A}.Debug|Any CPU.ActiveCfg = Debug|Any CPU
		{4F1BEDA3-3439-46D7-8F73-699DC4ECF61A}.Debug|Any CPU.Build.0 = Debug|Any CPU
		{4F1BEDA3-3439-46D7-8F73-699DC4ECF61A}.Release|Any CPU.ActiveCfg = Release|Any CPU
		{4F1BEDA3-3439-46D7-8F73-699DC4ECF61A}.Release|Any CPU.Build.0 = Release|Any CPU
		{61AE261C-4B2B-426C-A408-B5883A40E1D2}.Debug|Any CPU.ActiveCfg = Debug|Any CPU
		{61AE261C-4B2B-426C-A408-B5883A40E1D2}.Debug|Any CPU.Build.0 = Debug|Any CPU
		{61AE261C-4B2B-426C-A408-B5883A40E1D2}.Release|Any CPU.ActiveCfg = Release|Any CPU
		{61AE261C-4B2B-426C-A408-B5883A40E1D2}.Release|Any CPU.Build.0 = Release|Any CPU
		{E35C5B65-F31C-46E0-B458-9398E4D49B9C}.Debug|Any CPU.ActiveCfg = Debug|Any CPU
		{E35C5B65-F31C-46E0-B458-9398E4D49B9C}.Debug|Any CPU.Build.0 = Debug|Any CPU
		{E35C5B65-F31C-46E0-B458-9398E4D49B9C}.Release|Any CPU.ActiveCfg = Release|Any CPU
		{E35C5B65-F31C-46E0-B458-9398E4D49B9C}.Release|Any CPU.Build.0 = Release|Any CPU
	EndGlobalSection
	GlobalSection(SolutionProperties) = preSolution
		HideSolutionNode = FALSE
	EndGlobalSection
	GlobalSection(ExtensibilityGlobals) = postSolution
		SolutionGuid = {FD7D6337-DA77-4D3E-A764-CAA3E53A864C}
	EndGlobalSection
EndGlobal
